
Microsoft Visual Studio Solution File, Format Version 12.00
# Visual Studio Version 16
VisualStudioVersion = 16.0.29519.181
MinimumVisualStudioVersion = 10.0.40219.1
Project("{FAE04EC0-301F-11D3-BF4B-00C04F79EFBC}") = "StringsTrees", "StringsTrees\StringsTrees.csproj", "{80438A4F-F66E-458D-80FD-42C1E367948E}"
EndProject
Global
	GlobalSection(SolutionConfigurationPlatforms) = preSolution
		Debug|Any CPU = Debug|Any CPU
		Release|Any CPU = Release|Any CPU
	EndGlobalSection
	GlobalSection(ProjectConfigurationPlatforms) = postSolution
		{80438A4F-F66E-458D-80FD-42C1E367948E}.Debug|Any CPU.ActiveCfg = Debug|Any CPU
		{80438A4F-F66E-458D-80FD-42C1E367948E}.Debug|Any CPU.Build.0 = Debug|Any CPU
		{80438A4F-F66E-458D-80FD-42C1E367948E}.Release|Any CPU.ActiveCfg = Release|Any CPU
		{80438A4F-F66E-458D-80FD-42C1E367948E}.Release|Any CPU.Build.0 = Release|Any CPU
	EndGlobalSection
	GlobalSection(SolutionProperties) = preSolution
		HideSolutionNode = FALSE
	EndGlobalSection
	GlobalSection(ExtensibilityGlobals) = postSolution
		SolutionGuid = {8AD394B0-6637-490E-AB4C-E95FC4596BCE}
	EndGlobalSection
EndGlobal
